
Microsoft Visual Studio Solution File, Format Version 12.00
# Visual Studio Version 16
VisualStudioVersion = 16.0.30320.27
MinimumVisualStudioVersion = 10.0.40219.1
Project("{8BC9CEB8-8B4A-11D0-8D11-00A0C91BC942}") = "WorldPainter", "WorldPainter\WorldPainter.vcxproj", "{02C92C6B-0FE3-4EDD-89C2-EDB42AB004B1}"
EndProject
Project("{8BC9CEB8-8B4A-11D0-8D11-00A0C91BC942}") = "DirectXMesh", "DirectXMesh\DirectXMesh_Desktop_2019_Win10.vcxproj", "{6857F086-F6FE-4150-9ED7-7446F1C1C220}"
EndProject
Global
	GlobalSection(SolutionConfigurationPlatforms) = preSolution
		Debug|ARM64 = Debug|ARM64
		Debug|x64 = Debug|x64
		Debug|x86 = Debug|x86
		Profile|ARM64 = Profile|ARM64
		Profile|x64 = Profile|x64
		Profile|x86 = Profile|x86
		Release|ARM64 = Release|ARM64
		Release|x64 = Release|x64
		Release|x86 = Release|x86
	EndGlobalSection
	GlobalSection(ProjectConfigurationPlatforms) = postSolution
		{02C92C6B-0FE3-4EDD-89C2-EDB42AB004B1}.Debug|ARM64.ActiveCfg = Debug|Win32
		{02C92C6B-0FE3-4EDD-89C2-EDB42AB004B1}.Debug|x64.ActiveCfg = Debug|x64
		{02C92C6B-0FE3-4EDD-89C2-EDB42AB004B1}.Debug|x64.Build.0 = Debug|x64
		{02C92C6B-0FE3-4EDD-89C2-EDB42AB004B1}.Debug|x86.ActiveCfg = Debug|Win32
		{02C92C6B-0FE3-4EDD-89C2-EDB42AB004B1}.Debug|x86.Build.0 = Debug|Win32
		{02C92C6B-0FE3-4EDD-89C2-EDB42AB004B1}.Profile|ARM64.ActiveCfg = Release|Win32
		{02C92C6B-0FE3-4EDD-89C2-EDB42AB004B1}.Profile|ARM64.Build.0 = Release|Win32
		{02C92C6B-0FE3-4EDD-89C2-EDB42AB004B1}.Profile|x64.ActiveCfg = Release|x64
		{02C92C6B-0FE3-4EDD-89C2-EDB42AB004B1}.Profile|x64.Build.0 = Release|x64
		{02C92C6B-0FE3-4EDD-89C2-EDB42AB004B1}.Profile|x86.ActiveCfg = Release|Win32
		{02C92C6B-0FE3-4EDD-89C2-EDB42AB004B1}.Profile|x86.Build.0 = Release|Win32
		{02C92C6B-0FE3-4EDD-89C2-EDB42AB004B1}.Release|ARM64.ActiveCfg = Release|Win32
		{02C92C6B-0FE3-4EDD-89C2-EDB42AB004B1}.Release|x64.ActiveCfg = Release|x64
		{02C92C6B-0FE3-4EDD-89C2-EDB42AB004B1}.Release|x64.Build.0 = Release|x64
		{02C92C6B-0FE3-4EDD-89C2-EDB42AB004B1}.Release|x86.ActiveCfg = Release|Win32
		{02C92C6B-0FE3-4EDD-89C2-EDB42AB004B1}.Release|x86.Build.0 = Release|Win32
		{6857F086-F6FE-4150-9ED7-7446F1C1C220}.Debug|ARM64.ActiveCfg = Debug|ARM64
		{6857F086-F6FE-4150-9ED7-7446F1C1C220}.Debug|ARM64.Build.0 = Debug|ARM64
		{6857F086-F6FE-4150-9ED7-7446F1C1C220}.Debug|x64.ActiveCfg = Debug|x64
		{6857F086-F6FE-4150-9ED7-7446F1C1C220}.Debug|x64.Build.0 = Debug|x64
		{6857F086-F6FE-4150-9ED7-7446F1C1C220}.Debug|x86.ActiveCfg = Debug|Win32
		{6857F086-F6FE-4150-9ED7-7446F1C1C220}.Debug|x86.Build.0 = Debug|Win32
		{6857F086-F6FE-4150-9ED7-7446F1C1C220}.Profile|ARM64.ActiveCfg = Profile|ARM64
		{6857F086-F6FE-4150-9ED7-7446F1C1C220}.Profile|ARM64.Build.0 = Profile|ARM64
		{6857F086-F6FE-4150-9ED7-7446F1C1C220}.Profile|x64.ActiveCfg = Profile|x64
		{6857F086-F6FE-4150-9ED7-7446F1C1C220}.Profile|x64.Build.0 = Profile|x64
		{6857F086-F6FE-4150-9ED7-7446F1C1C220}.Profile|x86.ActiveCfg = Profile|Win32
		{6857F086-F6FE-4150-9ED7-7446F1C1C220}.Profile|x86.Build.0 = Profile|Win32
		{6857F086-F6FE-4150-9ED7-7446F1C1C220}.Release|ARM64.ActiveCfg = Release|ARM64
		{6857F086-F6FE-4150-9ED7-7446F1C1C220}.Release|ARM64.Build.0 = Release|ARM64
		{6857F086-F6FE-4150-9ED7-7446F1C1C220}.Release|x64.ActiveCfg = Release|x64
		{6857F086-F6FE-4150-9ED7-7446F1C1C220}.Release|x64.Build.0 = Release|x64
		{6857F086-F6FE-4150-9ED7-7446F1C1C220}.Release|x86.ActiveCfg = Release|Win32
		{6857F086-F6FE-4150-9ED7-7446F1C1C220}.Release|x86.Build.0 = Release|Win32
	EndGlobalSection
	GlobalSection(SolutionProperties) = preSolution
		HideSolutionNode = FALSE
	EndGlobalSection
	GlobalSection(ExtensibilityGlobals) = postSolution
		SolutionGuid = {616BCE76-B26C-4BDC-A617-380886DC4221}
	EndGlobalSection
EndGlobal
